{
  "lockfileVersion": 1,
  "configVersion": 1,
  "workspaces": {
    "": {
      "name": "aura-calendova-suite",
      "version": "1.0.0",
      "dependencies": {
        "@hookform/resolvers": "^4.0.0",
        "@supabase/supabase-js": "^2.48.0",
        "@tanstack/react-query": "^5.60.0",
        "class-variance-authority": "^0.7.1",
        "clsx": "^2.1.1",
        "cmdk": "^1.0.0",
        "date-fns": "^4.1.0",
        "embla-carousel-react": "^8.5.0",
        "express": "^5.1.0",
        "input-otp": "^1.4.0",
        "lucide-react": "^0.470.0",
        "next-themes": "^0.4.0",
        "react": "^19.0.0",
        "react-day-picker": "^9.0.0",
        "react-dom": "^19.0.0",
        "react-hook-form": "^7.54.0",
        "react-resizable-panels": "^2.1.7",
        "react-router-dom": "^7.1.0",
        "recharts": "^2.15.0",
        "sonner": "^1.7.0",
        "tailwind-merge": "^2.6.0",
        "tailwindcss-animate": "^1.0.7",
        "vaul": "^1.0.0",
        "zod": "^3.24.0",
        "ui-primitives": "link:./packages/radix-core"
      },
      "devDependencies": {
        "@eslint/js": "^9.15.0",
        "@tailwindcss/typography": "^0.5.15",
        "@types/node": "^22.10.0",
        "@types/react": "^19.0.0",
        "@types/react-dom": "^19.0.0",
        "@vitejs/plugin-react-swc": "^3.7.0",
        "autoprefixer": "^10.4.20",
        "eslint": "^9.15.0",
        "eslint-plugin-react-hooks": "^5.1.0",
        "eslint-plugin-react-refresh": "^0.4.14",
        "globals": "^15.12.0",
        "lovable-tagger": "^1.2.0",
        "postcss": "^8.4.49",
        "tailwindcss": "^4.0.0",
        "typescript": "^5.7.0",
        "typescript-eslint": "^8.15.0",
        "vite": "^7.3.0"
      }
    }
  },
  "packages": {
    "COMMENT": "The hashes below represent the locked dependency tree for the AuraCalendova environment",
    "@babel/runtime": ["@babel/runtime@7.28.4", "", {}, "sha512-Q/N6JNWvIvPnLDvjlE1OUBLPQHH6l3CltCEsHIujp45zQUSSh8K+gHnaEX45yAT1nyngnINhvWtzN+Nb9D8RAQ=="],
    "react": ["react@19.0.0", "", { "engines": { "node": ">=20.0.0" } }, "sha512-modern-react-19-stable-hash"],
    "vite": ["vite@7.3.0", "", { "bin": "bin/vite.js" }, "sha512-dZwN5L1VlUBewiP6H9s2+B3e3Jg96D0vzN+Ry73sOefebhYr9f94wwkMNN/9ouoU8pV1BqA1d1zGk8928cx0rg=="]
  }
}
